
Microsoft Visual Studio Solution File, Format Version 12.00
# Visual Studio Version 16
VisualStudioVersion = 16.0.30204.135
MinimumVisualStudioVersion = 10.0.40219.1
Project("{FAE04EC0-301F-11D3-BF4B-00C04F79EFBC}") = "MediaTinLanh.UI.WPF", "MediaTinLanh.UI.WPF\MediaTinLanh.UI.WPF.csproj", "{E46485E4-9C80-42AC-8BEC-54DD354F44DD}"
EndProject
Project("{FAE04EC0-301F-11D3-BF4B-00C04F79EFBC}") = "MediaTinLanh.Control", "MediaTinLanh.Control\MediaTinLanh.Control.csproj", "{D5125A60-ECB0-4092-A09E-3C8B8011DAA8}"
EndProject
Project("{FAE04EC0-301F-11D3-BF4B-00C04F79EFBC}") = "MediaTinLanh.Data", "MediaTinLanh.Data\MediaTinLanh.Data.csproj", "{E5909537-5E37-4AB2-ADF8-CB9DCAE17374}"
EndProject
Project("{FAE04EC0-301F-11D3-BF4B-00C04F79EFBC}") = "MediaTinLanh.Model", "MediaTinLanh.Model\MediaTinLanh.Model.csproj", "{E96ED307-DEEA-4973-A122-03D8BB5F20EC}"
EndProject
Project("{FAE04EC0-301F-11D3-BF4B-00C04F79EFBC}") = "MediaTinLanh.TestTools", "MediaTinLanh.TestTools\MediaTinLanh.TestTools.csproj", "{9C98BF24-9654-415D-90ED-828B8EB62F63}"
EndProject
Project("{54435603-DBB4-11D2-8724-00A0C9A8B90C}") = "MediaTinLanh", "MediaTinLanh\MediaTinLanh.vdproj", "{AC345F39-FEF2-4E81-A8EF-17D70A67F605}"
EndProject
Global
	GlobalSection(SolutionConfigurationPlatforms) = preSolution
		Debug|Any CPU = Debug|Any CPU
		Debug|ARM = Debug|ARM
		Debug|ARM64 = Debug|ARM64
		Debug|x64 = Debug|x64
		Debug|x86 = Debug|x86
		Release|Any CPU = Release|Any CPU
		Release|ARM = Release|ARM
		Release|ARM64 = Release|ARM64
		Release|x64 = Release|x64
		Release|x86 = Release|x86
	EndGlobalSection
	GlobalSection(ProjectConfigurationPlatforms) = postSolution
		{E46485E4-9C80-42AC-8BEC-54DD354F44DD}.Debug|Any CPU.ActiveCfg = Debug|Any CPU
		{E46485E4-9C80-42AC-8BEC-54DD354F44DD}.Debug|Any CPU.Build.0 = Debug|Any CPU
		{E46485E4-9C80-42AC-8BEC-54DD354F44DD}.Debug|ARM.ActiveCfg = Debug|Any CPU
		{E46485E4-9C80-42AC-8BEC-54DD354F44DD}.Debug|ARM.Build.0 = Debug|Any CPU
		{E46485E4-9C80-42AC-8BEC-54DD354F44DD}.Debug|ARM64.ActiveCfg = Debug|Any CPU
		{E46485E4-9C80-42AC-8BEC-54DD354F44DD}.Debug|ARM64.Build.0 = Debug|Any CPU
		{E46485E4-9C80-42AC-8BEC-54DD354F44DD}.Debug|x64.ActiveCfg = Debug|Any CPU
		{E46485E4-9C80-42AC-8BEC-54DD354F44DD}.Debug|x64.Build.0 = Debug|Any CPU
		{E46485E4-9C80-42AC-8BEC-54DD354F44DD}.Debug|x86.ActiveCfg = Debug|Any CPU
		{E46485E4-9C80-42AC-8BEC-54DD354F44DD}.Debug|x86.Build.0 = Debug|Any CPU
		{E46485E4-9C80-42AC-8BEC-54DD354F44DD}.Release|Any CPU.ActiveCfg = Release|Any CPU
		{E46485E4-9C80-42AC-8BEC-54DD354F44DD}.Release|Any CPU.Build.0 = Release|Any CPU
		{E46485E4-9C80-42AC-8BEC-54DD354F44DD}.Release|ARM.ActiveCfg = Release|Any CPU
		{E46485E4-9C80-42AC-8BEC-54DD354F44DD}.Release|ARM.Build.0 = Release|Any CPU
		{E46485E4-9C80-42AC-8BEC-54DD354F44DD}.Release|ARM64.ActiveCfg = Release|Any CPU
		{E46485E4-9C80-42AC-8BEC-54DD354F44DD}.Release|ARM64.Build.0 = Release|Any CPU
		{E46485E4-9C80-42AC-8BEC-54DD354F44DD}.Release|x64.ActiveCfg = Release|Any CPU
		{E46485E4-9C80-42AC-8BEC-54DD354F44DD}.Release|x64.Build.0 = Release|Any CPU
		{E46485E4-9C80-42AC-8BEC-54DD354F44DD}.Release|x86.ActiveCfg = Release|Any CPU
		{E46485E4-9C80-42AC-8BEC-54DD354F44DD}.Release|x86.Build.0 = Release|Any CPU
		{D5125A60-ECB0-4092-A09E-3C8B8011DAA8}.Debug|Any CPU.ActiveCfg = Debug|Any CPU
		{D5125A60-ECB0-4092-A09E-3C8B8011DAA8}.Debug|Any CPU.Build.0 = Debug|Any CPU
		{D5125A60-ECB0-4092-A09E-3C8B8011DAA8}.Debug|ARM.ActiveCfg = Debug|Any CPU
		{D5125A60-ECB0-4092-A09E-3C8B8011DAA8}.Debug|ARM.Build.0 = Debug|Any CPU
		{D5125A60-ECB0-4092-A09E-3C8B8011DAA8}.Debug|ARM64.ActiveCfg = Debug|Any CPU
		{D5125A60-ECB0-4092-A09E-3C8B8011DAA8}.Debug|ARM64.Build.0 = Debug|Any CPU
		{D5125A60-ECB0-4092-A09E-3C8B8011DAA8}.Debug|x64.ActiveCfg = Debug|Any CPU
		{D5125A60-ECB0-4092-A09E-3C8B8011DAA8}.Debug|x64.Build.0 = Debug|Any CPU
		{D5125A60-ECB0-4092-A09E-3C8B8011DAA8}.Debug|x86.ActiveCfg = Debug|Any CPU
		{D5125A60-ECB0-4092-A09E-3C8B8011DAA8}.Debug|x86.Build.0 = Debug|Any CPU
		{D5125A60-ECB0-4092-A09E-3C8B8011DAA8}.Release|Any CPU.ActiveCfg = Release|Any CPU
		{D5125A60-ECB0-4092-A09E-3C8B8011DAA8}.Release|Any CPU.Build.0 = Release|Any CPU
		{D5125A60-ECB0-4092-A09E-3C8B8011DAA8}.Release|ARM.ActiveCfg = Release|Any CPU
		{D5125A60-ECB0-4092-A09E-3C8B8011DAA8}.Release|ARM.Build.0 = Release|Any CPU
		{D5125A60-ECB0-4092-A09E-3C8B8011DAA8}.Release|ARM64.ActiveCfg = Release|Any CPU
		{D5125A60-ECB0-4092-A09E-3C8B8011DAA8}.Release|ARM64.Build.0 = Release|Any CPU
		{D5125A60-ECB0-4092-A09E-3C8B8011DAA8}.Release|x64.ActiveCfg = Release|Any CPU
		{D5125A60-ECB0-4092-A09E-3C8B8011DAA8}.Release|x64.Build.0 = Release|Any CPU
		{D5125A60-ECB0-4092-A09E-3C8B8011DAA8}.Release|x86.ActiveCfg = Release|Any CPU
		{D5125A60-ECB0-4092-A09E-3C8B8011DAA8}.Release|x86.Build.0 = Release|Any CPU
		{E5909537-5E37-4AB2-ADF8-CB9DCAE17374}.Debug|Any CPU.ActiveCfg = Debug|Any CPU
		{E5909537-5E37-4AB2-ADF8-CB9DCAE17374}.Debug|Any CPU.Build.0 = Debug|Any CPU
		{E5909537-5E37-4AB2-ADF8-CB9DCAE17374}.Debug|ARM.ActiveCfg = Debug|Any CPU
		{E5909537-5E37-4AB2-ADF8-CB9DCAE17374}.Debug|ARM.Build.0 = Debug|Any CPU
		{E5909537-5E37-4AB2-ADF8-CB9DCAE17374}.Debug|ARM64.ActiveCfg = Debug|Any CPU
		{E5909537-5E37-4AB2-ADF8-CB9DCAE17374}.Debug|ARM64.Build.0 = Debug|Any CPU
		{E5909537-5E37-4AB2-ADF8-CB9DCAE17374}.Debug|x64.ActiveCfg = Debug|Any CPU
		{E5909537-5E37-4AB2-ADF8-CB9DCAE17374}.Debug|x64.Build.0 = Debug|Any CPU
		{E5909537-5E37-4AB2-ADF8-CB9DCAE17374}.Debug|x86.ActiveCfg = Debug|Any CPU
		{E5909537-5E37-4AB2-ADF8-CB9DCAE17374}.Debug|x86.Build.0 = Debug|Any CPU
		{E5909537-5E37-4AB2-ADF8-CB9DCAE17374}.Release|Any CPU.ActiveCfg = Release|Any CPU
		{E5909537-5E37-4AB2-ADF8-CB9DCAE17374}.Release|Any CPU.Build.0 = Release|Any CPU
		{E5909537-5E37-4AB2-ADF8-CB9DCAE17374}.Release|ARM.ActiveCfg = Release|Any CPU
		{E5909537-5E37-4AB2-ADF8-CB9DCAE17374}.Release|ARM.Build.0 = Release|Any CPU
		{E5909537-5E37-4AB2-ADF8-CB9DCAE17374}.Release|ARM64.ActiveCfg = Release|Any CPU
		{E5909537-5E37-4AB2-ADF8-CB9DCAE17374}.Release|ARM64.Build.0 = Release|Any CPU
		{E5909537-5E37-4AB2-ADF8-CB9DCAE17374}.Release|x64.ActiveCfg = Release|Any CPU
		{E5909537-5E37-4AB2-ADF8-CB9DCAE17374}.Release|x64.Build.0 = Release|Any CPU
		{E5909537-5E37-4AB2-ADF8-CB9DCAE17374}.Release|x86.ActiveCfg = Release|Any CPU
		{E5909537-5E37-4AB2-ADF8-CB9DCAE17374}.Release|x86.Build.0 = Release|Any CPU
		{E96ED307-DEEA-4973-A122-03D8BB5F20EC}.Debug|Any CPU.ActiveCfg = Debug|Any CPU
		{E96ED307-DEEA-4973-A122-03D8BB5F20EC}.Debug|Any CPU.Build.0 = Debug|Any CPU
		{E96ED307-DEEA-4973-A122-03D8BB5F20EC}.Debug|ARM.ActiveCfg = Debug|Any CPU
		{E96ED307-DEEA-4973-A122-03D8BB5F20EC}.Debug|ARM.Build.0 = Debug|Any CPU
		{E96ED307-DEEA-4973-A122-03D8BB5F20EC}.Debug|ARM64.ActiveCfg = Debug|Any CPU
		{E96ED307-DEEA-4973-A122-03D8BB5F20EC}.Debug|ARM64.Build.0 = Debug|Any CPU
		{E96ED307-DEEA-4973-A122-03D8BB5F20EC}.Debug|x64.ActiveCfg = Debug|Any CPU
		{E96ED307-DEEA-4973-A122-03D8BB5F20EC}.Debug|x64.Build.0 = Debug|Any CPU
		{E96ED307-DEEA-4973-A122-03D8BB5F20EC}.Debug|x86.ActiveCfg = Debug|Any CPU
		{E96ED307-DEEA-4973-A122-03D8BB5F20EC}.Debug|x86.Build.0 = Debug|Any CPU
		{E96ED307-DEEA-4973-A122-03D8BB5F20EC}.Release|Any CPU.ActiveCfg = Release|Any CPU
		{E96ED307-DEEA-4973-A122-03D8BB5F20EC}.Release|Any CPU.Build.0 = Release|Any CPU
		{E96ED307-DEEA-4973-A122-03D8BB5F20EC}.Release|ARM.ActiveCfg = Release|Any CPU
		{E96ED307-DEEA-4973-A122-03D8BB5F20EC}.Release|ARM.Build.0 = Release|Any CPU
		{E96ED307-DEEA-4973-A122-03D8BB5F20EC}.Release|ARM64.ActiveCfg = Release|Any CPU
		{E96ED307-DEEA-4973-A122-03D8BB5F20EC}.Release|ARM64.Build.0 = Release|Any CPU
		{E96ED307-DEEA-4973-A122-03D8BB5F20EC}.Release|x64.ActiveCfg = Release|Any CPU
		{E96ED307-DEEA-4973-A122-03D8BB5F20EC}.Release|x64.Build.0 = Release|Any CPU
		{E96ED307-DEEA-4973-A122-03D8BB5F20EC}.Release|x86.ActiveCfg = Release|Any CPU
		{E96ED307-DEEA-4973-A122-03D8BB5F20EC}.Release|x86.Build.0 = Release|Any CPU
		{9C98BF24-9654-415D-90ED-828B8EB62F63}.Debug|Any CPU.ActiveCfg = Debug|Any CPU
		{9C98BF24-9654-415D-90ED-828B8EB62F63}.Debug|Any CPU.Build.0 = Debug|Any CPU
		{9C98BF24-9654-415D-90ED-828B8EB62F63}.Debug|ARM.ActiveCfg = Debug|Any CPU
		{9C98BF24-9654-415D-90ED-828B8EB62F63}.Debug|ARM.Build.0 = Debug|Any CPU
		{9C98BF24-9654-415D-90ED-828B8EB62F63}.Debug|ARM64.ActiveCfg = Debug|Any CPU
		{9C98BF24-9654-415D-90ED-828B8EB62F63}.Debug|ARM64.Build.0 = Debug|Any CPU
		{9C98BF24-9654-415D-90ED-828B8EB62F63}.Debug|x64.ActiveCfg = Debug|Any CPU
		{9C98BF24-9654-415D-90ED-828B8EB62F63}.Debug|x64.Build.0 = Debug|Any CPU
		{9C98BF24-9654-415D-90ED-828B8EB62F63}.Debug|x86.ActiveCfg = Debug|Any CPU
		{9C98BF24-9654-415D-90ED-828B8EB62F63}.Debug|x86.Build.0 = Debug|Any CPU
		{9C98BF24-9654-415D-90ED-828B8EB62F63}.Release|Any CPU.ActiveCfg = Release|Any CPU
		{9C98BF24-9654-415D-90ED-828B8EB62F63}.Release|Any CPU.Build.0 = Release|Any CPU
		{9C98BF24-9654-415D-90ED-828B8EB62F63}.Release|ARM.ActiveCfg = Release|Any CPU
		{9C98BF24-9654-415D-90ED-828B8EB62F63}.Release|ARM.Build.0 = Release|Any CPU
		{9C98BF24-9654-415D-90ED-828B8EB62F63}.Release|ARM64.ActiveCfg = Release|Any CPU
		{9C98BF24-9654-415D-90ED-828B8EB62F63}.Release|ARM64.Build.0 = Release|Any CPU
		{9C98BF24-9654-415D-90ED-828B8EB62F63}.Release|x64.ActiveCfg = Release|Any CPU
		{9C98BF24-9654-415D-90ED-828B8EB62F63}.Release|x64.Build.0 = Release|Any CPU
		{9C98BF24-9654-415D-90ED-828B8EB62F63}.Release|x86.ActiveCfg = Release|Any CPU
		{9C98BF24-9654-415D-90ED-828B8EB62F63}.Release|x86.Build.0 = Release|Any CPU
		{AC345F39-FEF2-4E81-A8EF-17D70A67F605}.Debug|Any CPU.ActiveCfg = Debug
		{AC345F39-FEF2-4E81-A8EF-17D70A67F605}.Debug|ARM.ActiveCfg = Debug
		{AC345F39-FEF2-4E81-A8EF-17D70A67F605}.Debug|ARM64.ActiveCfg = Debug
		{AC345F39-FEF2-4E81-A8EF-17D70A67F605}.Debug|x64.ActiveCfg = Debug
		{AC345F39-FEF2-4E81-A8EF-17D70A67F605}.Debug|x86.ActiveCfg = Debug
		{AC345F39-FEF2-4E81-A8EF-17D70A67F605}.Release|Any CPU.ActiveCfg = Release
		{AC345F39-FEF2-4E81-A8EF-17D70A67F605}.Release|ARM.ActiveCfg = Release
		{AC345F39-FEF2-4E81-A8EF-17D70A67F605}.Release|ARM64.ActiveCfg = Release
		{AC345F39-FEF2-4E81-A8EF-17D70A67F605}.Release|x64.ActiveCfg = Release
		{AC345F39-FEF2-4E81-A8EF-17D70A67F605}.Release|x86.ActiveCfg = Release
	EndGlobalSection
	GlobalSection(SolutionProperties) = preSolution
		HideSolutionNode = FALSE
	EndGlobalSection
	GlobalSection(ExtensibilityGlobals) = postSolution
		SolutionGuid = {4CD67DC8-B194-4535-92FB-F90566572743}
	EndGlobalSection
EndGlobal
