
Microsoft Visual Studio Solution File, Format Version 12.00
# Visual Studio Version 16
VisualStudioVersion = 16.0.30204.135
MinimumVisualStudioVersion = 10.0.40219.1
Project("{FAE04EC0-301F-11D3-BF4B-00C04F79EFBC}") = "MediaTinLanh.UI.WPF", "MediaTinLanh.UI.WPF\MediaTinLanh.UI.WPF.csproj", "{E46485E4-9C80-42AC-8BEC-54DD354F44DD}"
EndProject
Project("{FAE04EC0-301F-11D3-BF4B-00C04F79EFBC}") = "MediaTinLanh.Control", "MediaTinLanh.Control\MediaTinLanh.Control.csproj", "{D5125A60-ECB0-4092-A09E-3C8B8011DAA8}"
EndProject
Project("{FAE04EC0-301F-11D3-BF4B-00C04F79EFBC}") = "MediaTinLanh.Data", "MediaTinLanh.Data\MediaTinLanh.Data.csproj", "{E5909537-5E37-4AB2-ADF8-CB9DCAE17374}"
EndProject
Project("{FAE04EC0-301F-11D3-BF4B-00C04F79EFBC}") = "MediaTinLanh.Model", "MediaTinLanh.Model\MediaTinLanh.Model.csproj", "{E96ED307-DEEA-4973-A122-03D8BB5F20EC}"
EndProject
Project("{FAE04EC0-301F-11D3-BF4B-00C04F79EFBC}") = "MediaTinLanh.TestTools", "MediaTinLanh.TestTools\MediaTinLanh.TestTools.csproj", "{9C98BF24-9654-415D-90ED-828B8EB62F63}"
EndProject
Global
	GlobalSection(SolutionConfigurationPlatforms) = preSolution
		Debug|Any CPU = Debug|Any CPU
		Release|Any CPU = Release|Any CPU
	EndGlobalSection
	GlobalSection(ProjectConfigurationPlatforms) = postSolution
		{E46485E4-9C80-42AC-8BEC-54DD354F44DD}.Debug|Any CPU.ActiveCfg = Debug|Any CPU
		{E46485E4-9C80-42AC-8BEC-54DD354F44DD}.Debug|Any CPU.Build.0 = Debug|Any CPU
		{E46485E4-9C80-42AC-8BEC-54DD354F44DD}.Release|Any CPU.ActiveCfg = Release|Any CPU
		{E46485E4-9C80-42AC-8BEC-54DD354F44DD}.Release|Any CPU.Build.0 = Release|Any CPU
		{D5125A60-ECB0-4092-A09E-3C8B8011DAA8}.Debug|Any CPU.ActiveCfg = Debug|Any CPU
		{D5125A60-ECB0-4092-A09E-3C8B8011DAA8}.Debug|Any CPU.Build.0 = Debug|Any CPU
		{D5125A60-ECB0-4092-A09E-3C8B8011DAA8}.Release|Any CPU.ActiveCfg = Release|Any CPU
		{D5125A60-ECB0-4092-A09E-3C8B8011DAA8}.Release|Any CPU.Build.0 = Release|Any CPU
		{E5909537-5E37-4AB2-ADF8-CB9DCAE17374}.Debug|Any CPU.ActiveCfg = Debug|Any CPU
		{E5909537-5E37-4AB2-ADF8-CB9DCAE17374}.Debug|Any CPU.Build.0 = Debug|Any CPU
		{E5909537-5E37-4AB2-ADF8-CB9DCAE17374}.Release|Any CPU.ActiveCfg = Release|Any CPU
		{E5909537-5E37-4AB2-ADF8-CB9DCAE17374}.Release|Any CPU.Build.0 = Release|Any CPU
		{E96ED307-DEEA-4973-A122-03D8BB5F20EC}.Debug|Any CPU.ActiveCfg = Debug|Any CPU
		{E96ED307-DEEA-4973-A122-03D8BB5F20EC}.Debug|Any CPU.Build.0 = Debug|Any CPU
		{E96ED307-DEEA-4973-A122-03D8BB5F20EC}.Release|Any CPU.ActiveCfg = Release|Any CPU
		{E96ED307-DEEA-4973-A122-03D8BB5F20EC}.Release|Any CPU.Build.0 = Release|Any CPU
		{9C98BF24-9654-415D-90ED-828B8EB62F63}.Debug|Any CPU.ActiveCfg = Debug|Any CPU
		{9C98BF24-9654-415D-90ED-828B8EB62F63}.Debug|Any CPU.Build.0 = Debug|Any CPU
		{9C98BF24-9654-415D-90ED-828B8EB62F63}.Release|Any CPU.ActiveCfg = Release|Any CPU
		{9C98BF24-9654-415D-90ED-828B8EB62F63}.Release|Any CPU.Build.0 = Release|Any CPU
	EndGlobalSection
	GlobalSection(SolutionProperties) = preSolution
		HideSolutionNode = FALSE
	EndGlobalSection
	GlobalSection(ExtensibilityGlobals) = postSolution
		SolutionGuid = {4CD67DC8-B194-4535-92FB-F90566572743}
	EndGlobalSection
EndGlobal
